
Microsoft Visual Studio Solution File, Format Version 12.00
# Visual Studio 15
VisualStudioVersion = 15.0.27703.2035
MinimumVisualStudioVersion = 10.0.40219.1
Project("{FAE04EC0-301F-11D3-BF4B-00C04F79EFBC}") = "ConsoleApp4", "ConsoleApp4\ConsoleApp4.csproj", "{090EAC9E-8D55-4201-B59D-419B0B74E83E}"
EndProject
Global
	GlobalSection(SolutionConfigurationPlatforms) = preSolution
		Debug|Any CPU = Debug|Any CPU
		Release|Any CPU = Release|Any CPU
	EndGlobalSection
	GlobalSection(ProjectConfigurationPlatforms) = postSolution
		{090EAC9E-8D55-4201-B59D-419B0B74E83E}.Debug|Any CPU.ActiveCfg = Debug|Any CPU
		{090EAC9E-8D55-4201-B59D-419B0B74E83E}.Debug|Any CPU.Build.0 = Debug|Any CPU
		{090EAC9E-8D55-4201-B59D-419B0B74E83E}.Release|Any CPU.ActiveCfg = Release|Any CPU
		{090EAC9E-8D55-4201-B59D-419B0B74E83E}.Release|Any CPU.Build.0 = Release|Any CPU
	EndGlobalSection
	GlobalSection(SolutionProperties) = preSolution
		HideSolutionNode = FALSE
	EndGlobalSection
	GlobalSection(ExtensibilityGlobals) = postSolution
		SolutionGuid = {68DE73A4-D9BF-4AEF-8DC8-D12E17EC4F25}
	EndGlobalSection
EndGlobal
